
Microsoft Visual Studio Solution File, Format Version 12.00
# Visual Studio Version 17
VisualStudioVersion = 17.14.36203.30 d17.14
MinimumVisualStudioVersion = 10.0.40219.1
Project("{FAE04EC0-301F-11D3-BF4B-00C04F79EFBC}") = "Task1", "Task1.csproj", "{F98ABA17-2C5D-4908-A825-1657251742F2}"
EndProject
Global
	GlobalSection(SolutionConfigurationPlatforms) = preSolution
		Debug|Any CPU = Debug|Any CPU
		Release|Any CPU = Release|Any CPU
	EndGlobalSection
	GlobalSection(ProjectConfigurationPlatforms) = postSolution
		{F98ABA17-2C5D-4908-A825-1657251742F2}.Debug|Any CPU.ActiveCfg = Debug|Any CPU
		{F98ABA17-2C5D-4908-A825-1657251742F2}.Debug|Any CPU.Build.0 = Debug|Any CPU
		{F98ABA17-2C5D-4908-A825-1657251742F2}.Release|Any CPU.ActiveCfg = Release|Any CPU
		{F98ABA17-2C5D-4908-A825-1657251742F2}.Release|Any CPU.Build.0 = Release|Any CPU
	EndGlobalSection
	GlobalSection(SolutionProperties) = preSolution
		HideSolutionNode = FALSE
	EndGlobalSection
	GlobalSection(ExtensibilityGlobals) = postSolution
		SolutionGuid = {14B2ECB0-C813-4DD7-8721-F99919A95CB3}
	EndGlobalSection
EndGlobal
